
Microsoft Visual Studio Solution File, Format Version 12.00
# Visual Studio 14
VisualStudioVersion = 14.0.25420.1
MinimumVisualStudioVersion = 10.0.40219.1
Project("{FAE04EC0-301F-11D3-BF4B-00C04F79EFBC}") = "XPECommerce", "XPECommerce\XPECommerce\XPECommerce.csproj", "{D2D56AC9-96CD-481A-9206-53028FBFD7DB}"
EndProject
Project("{FAE04EC0-301F-11D3-BF4B-00C04F79EFBC}") = "XPECommerce.Droid", "XPECommerce\XPECommerce.Droid\XPECommerce.Droid.csproj", "{E8D9FB13-8A46-4AF9-89BD-AAA2AC4C3024}"
EndProject
Project("{FAE04EC0-301F-11D3-BF4B-00C04F79EFBC}") = "XPECommerce.iOS", "XPECommerce\XPECommerce.iOS\XPECommerce.iOS.csproj", "{71B37552-0779-4992-B066-9C081860F350}"
EndProject
Project("{FAE04EC0-301F-11D3-BF4B-00C04F79EFBC}") = "XPECommerce.WinPhone", "XPECommerce\XPECommerce.WinPhone\XPECommerce.WinPhone.csproj", "{715FA2C3-50B8-4881-8B09-CA4FA99845C3}"
EndProject
Project("{FAE04EC0-301F-11D3-BF4B-00C04F79EFBC}") = "XPECommerce.UWP", "XPECommerce\XPECommerce.UWP\XPECommerce.UWP.csproj", "{7D017F5A-DADF-4782-9C42-22DF91743724}"
EndProject
Project("{FAE04EC0-301F-11D3-BF4B-00C04F79EFBC}") = "XPECommerce.Windows", "XPECommerce\XPECommerce.Windows\XPECommerce.Windows.csproj", "{F2D0B9FA-0305-4311-8679-4BB4CBA0B5AD}"
EndProject
Global
	GlobalSection(SolutionConfigurationPlatforms) = preSolution
		Ad-Hoc|Any CPU = Ad-Hoc|Any CPU
		Ad-Hoc|ARM = Ad-Hoc|ARM
		Ad-Hoc|iPhone = Ad-Hoc|iPhone
		Ad-Hoc|iPhoneSimulator = Ad-Hoc|iPhoneSimulator
		Ad-Hoc|x64 = Ad-Hoc|x64
		Ad-Hoc|x86 = Ad-Hoc|x86
		AppStore|Any CPU = AppStore|Any CPU
		AppStore|ARM = AppStore|ARM
		AppStore|iPhone = AppStore|iPhone
		AppStore|iPhoneSimulator = AppStore|iPhoneSimulator
		AppStore|x64 = AppStore|x64
		AppStore|x86 = AppStore|x86
		Debug|Any CPU = Debug|Any CPU
		Debug|ARM = Debug|ARM
		Debug|iPhone = Debug|iPhone
		Debug|iPhoneSimulator = Debug|iPhoneSimulator
		Debug|x64 = Debug|x64
		Debug|x86 = Debug|x86
		Release|Any CPU = Release|Any CPU
		Release|ARM = Release|ARM
		Release|iPhone = Release|iPhone
		Release|iPhoneSimulator = Release|iPhoneSimulator
		Release|x64 = Release|x64
		Release|x86 = Release|x86
	EndGlobalSection
	GlobalSection(ProjectConfigurationPlatforms) = postSolution
		{D2D56AC9-96CD-481A-9206-53028FBFD7DB}.Ad-Hoc|Any CPU.ActiveCfg = Release|Any CPU
		{D2D56AC9-96CD-481A-9206-53028FBFD7DB}.Ad-Hoc|Any CPU.Build.0 = Release|Any CPU
		{D2D56AC9-96CD-481A-9206-53028FBFD7DB}.Ad-Hoc|ARM.ActiveCfg = Release|Any CPU
		{D2D56AC9-96CD-481A-9206-53028FBFD7DB}.Ad-Hoc|ARM.Build.0 = Release|Any CPU
		{D2D56AC9-96CD-481A-9206-53028FBFD7DB}.Ad-Hoc|iPhone.ActiveCfg = Release|Any CPU
		{D2D56AC9-96CD-481A-9206-53028FBFD7DB}.Ad-Hoc|iPhone.Build.0 = Release|Any CPU
		{D2D56AC9-96CD-481A-9206-53028FBFD7DB}.Ad-Hoc|iPhoneSimulator.ActiveCfg = Release|Any CPU
		{D2D56AC9-96CD-481A-9206-53028FBFD7DB}.Ad-Hoc|iPhoneSimulator.Build.0 = Release|Any CPU
		{D2D56AC9-96CD-481A-9206-53028FBFD7DB}.Ad-Hoc|x64.ActiveCfg = Release|Any CPU
		{D2D56AC9-96CD-481A-9206-53028FBFD7DB}.Ad-Hoc|x64.Build.0 = Release|Any CPU
		{D2D56AC9-96CD-481A-9206-53028FBFD7DB}.Ad-Hoc|x86.ActiveCfg = Release|Any CPU
		{D2D56AC9-96CD-481A-9206-53028FBFD7DB}.Ad-Hoc|x86.Build.0 = Release|Any CPU
		{D2D56AC9-96CD-481A-9206-53028FBFD7DB}.AppStore|Any CPU.ActiveCfg = Release|Any CPU
		{D2D56AC9-96CD-481A-9206-53028FBFD7DB}.AppStore|Any CPU.Build.0 = Release|Any CPU
		{D2D56AC9-96CD-481A-9206-53028FBFD7DB}.AppStore|ARM.ActiveCfg = Release|Any CPU
		{D2D56AC9-96CD-481A-9206-53028FBFD7DB}.AppStore|ARM.Build.0 = Release|Any CPU
		{D2D56AC9-96CD-481A-9206-53028FBFD7DB}.AppStore|iPhone.ActiveCfg = Release|Any CPU
		{D2D56AC9-96CD-481A-9206-53028FBFD7DB}.AppStore|iPhone.Build.0 = Release|Any CPU
		{D2D56AC9-96CD-481A-9206-53028FBFD7DB}.AppStore|iPhoneSimulator.ActiveCfg = Release|Any CPU
		{D2D56AC9-96CD-481A-9206-53028FBFD7DB}.AppStore|iPhoneSimulator.Build.0 = Release|Any CPU
		{D2D56AC9-96CD-481A-9206-53028FBFD7DB}.AppStore|x64.ActiveCfg = Release|Any CPU
		{D2D56AC9-96CD-481A-9206-53028FBFD7DB}.AppStore|x64.Build.0 = Release|Any CPU
		{D2D56AC9-96CD-481A-9206-53028FBFD7DB}.AppStore|x86.ActiveCfg = Release|Any CPU
		{D2D56AC9-96CD-481A-9206-53028FBFD7DB}.AppStore|x86.Build.0 = Release|Any CPU
		{D2D56AC9-96CD-481A-9206-53028FBFD7DB}.Debug|Any CPU.ActiveCfg = Debug|Any CPU
		{D2D56AC9-96CD-481A-9206-53028FBFD7DB}.Debug|Any CPU.Build.0 = Debug|Any CPU
		{D2D56AC9-96CD-481A-9206-53028FBFD7DB}.Debug|ARM.ActiveCfg = Debug|Any CPU
		{D2D56AC9-96CD-481A-9206-53028FBFD7DB}.Debug|ARM.Build.0 = Debug|Any CPU
		{D2D56AC9-96CD-481A-9206-53028FBFD7DB}.Debug|iPhone.ActiveCfg = Debug|Any CPU
		{D2D56AC9-96CD-481A-9206-53028FBFD7DB}.Debug|iPhone.Build.0 = Debug|Any CPU
		{D2D56AC9-96CD-481A-9206-53028FBFD7DB}.Debug|iPhoneSimulator.ActiveCfg = Debug|Any CPU
		{D2D56AC9-96CD-481A-9206-53028FBFD7DB}.Debug|iPhoneSimulator.Build.0 = Debug|Any CPU
		{D2D56AC9-96CD-481A-9206-53028FBFD7DB}.Debug|x64.ActiveCfg = Debug|Any CPU
		{D2D56AC9-96CD-481A-9206-53028FBFD7DB}.Debug|x64.Build.0 = Debug|Any CPU
		{D2D56AC9-96CD-481A-9206-53028FBFD7DB}.Debug|x86.ActiveCfg = Debug|Any CPU
		{D2D56AC9-96CD-481A-9206-53028FBFD7DB}.Debug|x86.Build.0 = Debug|Any CPU
		{D2D56AC9-96CD-481A-9206-53028FBFD7DB}.Release|Any CPU.ActiveCfg = Release|Any CPU
		{D2D56AC9-96CD-481A-9206-53028FBFD7DB}.Release|Any CPU.Build.0 = Release|Any CPU
		{D2D56AC9-96CD-481A-9206-53028FBFD7DB}.Release|ARM.ActiveCfg = Release|Any CPU
		{D2D56AC9-96CD-481A-9206-53028FBFD7DB}.Release|ARM.Build.0 = Release|Any CPU
		{D2D56AC9-96CD-481A-9206-53028FBFD7DB}.Release|iPhone.ActiveCfg = Release|Any CPU
		{D2D56AC9-96CD-481A-9206-53028FBFD7DB}.Release|iPhone.Build.0 = Release|Any CPU
		{D2D56AC9-96CD-481A-9206-53028FBFD7DB}.Release|iPhoneSimulator.ActiveCfg = Release|Any CPU
		{D2D56AC9-96CD-481A-9206-53028FBFD7DB}.Release|iPhoneSimulator.Build.0 = Release|Any CPU
		{D2D56AC9-96CD-481A-9206-53028FBFD7DB}.Release|x64.ActiveCfg = Release|Any CPU
		{D2D56AC9-96CD-481A-9206-53028FBFD7DB}.Release|x64.Build.0 = Release|Any CPU
		{D2D56AC9-96CD-481A-9206-53028FBFD7DB}.Release|x86.ActiveCfg = Release|Any CPU
		{D2D56AC9-96CD-481A-9206-53028FBFD7DB}.Release|x86.Build.0 = Release|Any CPU
		{E8D9FB13-8A46-4AF9-89BD-AAA2AC4C3024}.Ad-Hoc|Any CPU.ActiveCfg = Release|Any CPU
		{E8D9FB13-8A46-4AF9-89BD-AAA2AC4C3024}.Ad-Hoc|Any CPU.Build.0 = Release|Any CPU
		{E8D9FB13-8A46-4AF9-89BD-AAA2AC4C3024}.Ad-Hoc|Any CPU.Deploy.0 = Release|Any CPU
		{E8D9FB13-8A46-4AF9-89BD-AAA2AC4C3024}.Ad-Hoc|ARM.ActiveCfg = Release|Any CPU
		{E8D9FB13-8A46-4AF9-89BD-AAA2AC4C3024}.Ad-Hoc|ARM.Build.0 = Release|Any CPU
		{E8D9FB13-8A46-4AF9-89BD-AAA2AC4C3024}.Ad-Hoc|ARM.Deploy.0 = Release|Any CPU
		{E8D9FB13-8A46-4AF9-89BD-AAA2AC4C3024}.Ad-Hoc|iPhone.ActiveCfg = Release|Any CPU
		{E8D9FB13-8A46-4AF9-89BD-AAA2AC4C3024}.Ad-Hoc|iPhone.Build.0 = Release|Any CPU
		{E8D9FB13-8A46-4AF9-89BD-AAA2AC4C3024}.Ad-Hoc|iPhone.Deploy.0 = Release|Any CPU
		{E8D9FB13-8A46-4AF9-89BD-AAA2AC4C3024}.Ad-Hoc|iPhoneSimulator.ActiveCfg = Release|Any CPU
		{E8D9FB13-8A46-4AF9-89BD-AAA2AC4C3024}.Ad-Hoc|iPhoneSimulator.Build.0 = Release|Any CPU
		{E8D9FB13-8A46-4AF9-89BD-AAA2AC4C3024}.Ad-Hoc|iPhoneSimulator.Deploy.0 = Release|Any CPU
		{E8D9FB13-8A46-4AF9-89BD-AAA2AC4C3024}.Ad-Hoc|x64.ActiveCfg = Release|Any CPU
		{E8D9FB13-8A46-4AF9-89BD-AAA2AC4C3024}.Ad-Hoc|x64.Build.0 = Release|Any CPU
		{E8D9FB13-8A46-4AF9-89BD-AAA2AC4C3024}.Ad-Hoc|x64.Deploy.0 = Release|Any CPU
		{E8D9FB13-8A46-4AF9-89BD-AAA2AC4C3024}.Ad-Hoc|x86.ActiveCfg = Release|Any CPU
		{E8D9FB13-8A46-4AF9-89BD-AAA2AC4C3024}.Ad-Hoc|x86.Build.0 = Release|Any CPU
		{E8D9FB13-8A46-4AF9-89BD-AAA2AC4C3024}.Ad-Hoc|x86.Deploy.0 = Release|Any CPU
		{E8D9FB13-8A46-4AF9-89BD-AAA2AC4C3024}.AppStore|Any CPU.ActiveCfg = Release|Any CPU
		{E8D9FB13-8A46-4AF9-89BD-AAA2AC4C3024}.AppStore|Any CPU.Build.0 = Release|Any CPU
		{E8D9FB13-8A46-4AF9-89BD-AAA2AC4C3024}.AppStore|Any CPU.Deploy.0 = Release|Any CPU
		{E8D9FB13-8A46-4AF9-89BD-AAA2AC4C3024}.AppStore|ARM.ActiveCfg = Release|Any CPU
		{E8D9FB13-8A46-4AF9-89BD-AAA2AC4C3024}.AppStore|ARM.Build.0 = Release|Any CPU
		{E8D9FB13-8A46-4AF9-89BD-AAA2AC4C3024}.AppStore|ARM.Deploy.0 = Release|Any CPU
		{E8D9FB13-8A46-4AF9-89BD-AAA2AC4C3024}.AppStore|iPhone.ActiveCfg = Release|Any CPU
		{E8D9FB13-8A46-4AF9-89BD-AAA2AC4C3024}.AppStore|iPhone.Build.0 = Release|Any CPU
		{E8D9FB13-8A46-4AF9-89BD-AAA2AC4C3024}.AppStore|iPhone.Deploy.0 = Release|Any CPU
		{E8D9FB13-8A46-4AF9-89BD-AAA2AC4C3024}.AppStore|iPhoneSimulator.ActiveCfg = Release|Any CPU
		{E8D9FB13-8A46-4AF9-89BD-AAA2AC4C3024}.AppStore|iPhoneSimulator.Build.0 = Release|Any CPU
		{E8D9FB13-8A46-4AF9-89BD-AAA2AC4C3024}.AppStore|iPhoneSimulator.Deploy.0 = Release|Any CPU
		{E8D9FB13-8A46-4AF9-89BD-AAA2AC4C3024}.AppStore|x64.ActiveCfg = Release|Any CPU
		{E8D9FB13-8A46-4AF9-89BD-AAA2AC4C3024}.AppStore|x64.Build.0 = Release|Any CPU
		{E8D9FB13-8A46-4AF9-89BD-AAA2AC4C3024}.AppStore|x64.Deploy.0 = Release|Any CPU
		{E8D9FB13-8A46-4AF9-89BD-AAA2AC4C3024}.AppStore|x86.ActiveCfg = Release|Any CPU
		{E8D9FB13-8A46-4AF9-89BD-AAA2AC4C3024}.AppStore|x86.Build.0 = Release|Any CPU
		{E8D9FB13-8A46-4AF9-89BD-AAA2AC4C3024}.AppStore|x86.Deploy.0 = Release|Any CPU
		{E8D9FB13-8A46-4AF9-89BD-AAA2AC4C3024}.Debug|Any CPU.ActiveCfg = Debug|Any CPU
		{E8D9FB13-8A46-4AF9-89BD-AAA2AC4C3024}.Debug|Any CPU.Build.0 = Debug|Any CPU
		{E8D9FB13-8A46-4AF9-89BD-AAA2AC4C3024}.Debug|Any CPU.Deploy.0 = Debug|Any CPU
		{E8D9FB13-8A46-4AF9-89BD-AAA2AC4C3024}.Debug|ARM.ActiveCfg = Debug|Any CPU
		{E8D9FB13-8A46-4AF9-89BD-AAA2AC4C3024}.Debug|ARM.Build.0 = Debug|Any CPU
		{E8D9FB13-8A46-4AF9-89BD-AAA2AC4C3024}.Debug|ARM.Deploy.0 = Debug|Any CPU
		{E8D9FB13-8A46-4AF9-89BD-AAA2AC4C3024}.Debug|iPhone.ActiveCfg = Debug|Any CPU
		{E8D9FB13-8A46-4AF9-89BD-AAA2AC4C3024}.Debug|iPhone.Build.0 = Debug|Any CPU
		{E8D9FB13-8A46-4AF9-89BD-AAA2AC4C3024}.Debug|iPhone.Deploy.0 = Debug|Any CPU
		{E8D9FB13-8A46-4AF9-89BD-AAA2AC4C3024}.Debug|iPhoneSimulator.ActiveCfg = Debug|Any CPU
		{E8D9FB13-8A46-4AF9-89BD-AAA2AC4C3024}.Debug|iPhoneSimulator.Build.0 = Debug|Any CPU
		{E8D9FB13-8A46-4AF9-89BD-AAA2AC4C3024}.Debug|iPhoneSimulator.Deploy.0 = Debug|Any CPU
		{E8D9FB13-8A46-4AF9-89BD-AAA2AC4C3024}.Debug|x64.ActiveCfg = Debug|Any CPU
		{E8D9FB13-8A46-4AF9-89BD-AAA2AC4C3024}.Debug|x64.Build.0 = Debug|Any CPU
		{E8D9FB13-8A46-4AF9-89BD-AAA2AC4C3024}.Debug|x64.Deploy.0 = Debug|Any CPU
		{E8D9FB13-8A46-4AF9-89BD-AAA2AC4C3024}.Debug|x86.ActiveCfg = Debug|Any CPU
		{E8D9FB13-8A46-4AF9-89BD-AAA2AC4C3024}.Debug|x86.Build.0 = Debug|Any CPU
		{E8D9FB13-8A46-4AF9-89BD-AAA2AC4C3024}.Debug|x86.Deploy.0 = Debug|Any CPU
		{E8D9FB13-8A46-4AF9-89BD-AAA2AC4C3024}.Release|Any CPU.ActiveCfg = Release|Any CPU
		{E8D9FB13-8A46-4AF9-89BD-AAA2AC4C3024}.Release|Any CPU.Build.0 = Release|Any CPU
		{E8D9FB13-8A46-4AF9-89BD-AAA2AC4C3024}.Release|Any CPU.Deploy.0 = Release|Any CPU
		{E8D9FB13-8A46-4AF9-89BD-AAA2AC4C3024}.Release|ARM.ActiveCfg = Release|Any CPU
		{E8D9FB13-8A46-4AF9-89BD-AAA2AC4C3024}.Release|ARM.Build.0 = Release|Any CPU
		{E8D9FB13-8A46-4AF9-89BD-AAA2AC4C3024}.Release|ARM.Deploy.0 = Release|Any CPU
		{E8D9FB13-8A46-4AF9-89BD-AAA2AC4C3024}.Release|iPhone.ActiveCfg = Release|Any CPU
		{E8D9FB13-8A46-4AF9-89BD-AAA2AC4C3024}.Release|iPhone.Build.0 = Release|Any CPU
		{E8D9FB13-8A46-4AF9-89BD-AAA2AC4C3024}.Release|iPhone.Deploy.0 = Release|Any CPU
		{E8D9FB13-8A46-4AF9-89BD-AAA2AC4C3024}.Release|iPhoneSimulator.ActiveCfg = Release|Any CPU
		{E8D9FB13-8A46-4AF9-89BD-AAA2AC4C3024}.Release|iPhoneSimulator.Build.0 = Release|Any CPU
		{E8D9FB13-8A46-4AF9-89BD-AAA2AC4C3024}.Release|iPhoneSimulator.Deploy.0 = Release|Any CPU
		{E8D9FB13-8A46-4AF9-89BD-AAA2AC4C3024}.Release|x64.ActiveCfg = Release|Any CPU
		{E8D9FB13-8A46-4AF9-89BD-AAA2AC4C3024}.Release|x64.Build.0 = Release|Any CPU
		{E8D9FB13-8A46-4AF9-89BD-AAA2AC4C3024}.Release|x64.Deploy.0 = Release|Any CPU
		{E8D9FB13-8A46-4AF9-89BD-AAA2AC4C3024}.Release|x86.ActiveCfg = Release|Any CPU
		{E8D9FB13-8A46-4AF9-89BD-AAA2AC4C3024}.Release|x86.Build.0 = Release|Any CPU
		{E8D9FB13-8A46-4AF9-89BD-AAA2AC4C3024}.Release|x86.Deploy.0 = Release|Any CPU
		{71B37552-0779-4992-B066-9C081860F350}.Ad-Hoc|Any CPU.ActiveCfg = Ad-Hoc|iPhone
		{71B37552-0779-4992-B066-9C081860F350}.Ad-Hoc|ARM.ActiveCfg = Ad-Hoc|iPhone
		{71B37552-0779-4992-B066-9C081860F350}.Ad-Hoc|iPhone.ActiveCfg = Ad-Hoc|iPhone
		{71B37552-0779-4992-B066-9C081860F350}.Ad-Hoc|iPhone.Build.0 = Ad-Hoc|iPhone
		{71B37552-0779-4992-B066-9C081860F350}.Ad-Hoc|iPhoneSimulator.ActiveCfg = Ad-Hoc|iPhoneSimulator
		{71B37552-0779-4992-B066-9C081860F350}.Ad-Hoc|iPhoneSimulator.Build.0 = Ad-Hoc|iPhoneSimulator
		{71B37552-0779-4992-B066-9C081860F350}.Ad-Hoc|x64.ActiveCfg = Ad-Hoc|iPhone
		{71B37552-0779-4992-B066-9C081860F350}.Ad-Hoc|x86.ActiveCfg = Ad-Hoc|iPhone
		{71B37552-0779-4992-B066-9C081860F350}.AppStore|Any CPU.ActiveCfg = AppStore|iPhone
		{71B37552-0779-4992-B066-9C081860F350}.AppStore|ARM.ActiveCfg = AppStore|iPhone
		{71B37552-0779-4992-B066-9C081860F350}.AppStore|iPhone.ActiveCfg = AppStore|iPhone
		{71B37552-0779-4992-B066-9C081860F350}.AppStore|iPhone.Build.0 = AppStore|iPhone
		{71B37552-0779-4992-B066-9C081860F350}.AppStore|iPhoneSimulator.ActiveCfg = AppStore|iPhoneSimulator
		{71B37552-0779-4992-B066-9C081860F350}.AppStore|iPhoneSimulator.Build.0 = AppStore|iPhoneSimulator
		{71B37552-0779-4992-B066-9C081860F350}.AppStore|x64.ActiveCfg = AppStore|iPhone
		{71B37552-0779-4992-B066-9C081860F350}.AppStore|x86.ActiveCfg = AppStore|iPhone
		{71B37552-0779-4992-B066-9C081860F350}.Debug|Any CPU.ActiveCfg = Debug|iPhone
		{71B37552-0779-4992-B066-9C081860F350}.Debug|ARM.ActiveCfg = Debug|iPhone
		{71B37552-0779-4992-B066-9C081860F350}.Debug|iPhone.ActiveCfg = Debug|iPhone
		{71B37552-0779-4992-B066-9C081860F350}.Debug|iPhone.Build.0 = Debug|iPhone
		{71B37552-0779-4992-B066-9C081860F350}.Debug|iPhoneSimulator.ActiveCfg = Debug|iPhoneSimulator
		{71B37552-0779-4992-B066-9C081860F350}.Debug|iPhoneSimulator.Build.0 = Debug|iPhoneSimulator
		{71B37552-0779-4992-B066-9C081860F350}.Debug|x64.ActiveCfg = Debug|iPhone
		{71B37552-0779-4992-B066-9C081860F350}.Debug|x86.ActiveCfg = Debug|iPhone
		{71B37552-0779-4992-B066-9C081860F350}.Release|Any CPU.ActiveCfg = Release|iPhone
		{71B37552-0779-4992-B066-9C081860F350}.Release|ARM.ActiveCfg = Release|iPhone
		{71B37552-0779-4992-B066-9C081860F350}.Release|iPhone.ActiveCfg = Release|iPhone
		{71B37552-0779-4992-B066-9C081860F350}.Release|iPhone.Build.0 = Release|iPhone
		{71B37552-0779-4992-B066-9C081860F350}.Release|iPhoneSimulator.ActiveCfg = Release|iPhoneSimulator
		{71B37552-0779-4992-B066-9C081860F350}.Release|iPhoneSimulator.Build.0 = Release|iPhoneSimulator
		{71B37552-0779-4992-B066-9C081860F350}.Release|x64.ActiveCfg = Release|iPhone
		{71B37552-0779-4992-B066-9C081860F350}.Release|x86.ActiveCfg = Release|iPhone
		{715FA2C3-50B8-4881-8B09-CA4FA99845C3}.Ad-Hoc|Any CPU.ActiveCfg = Release|Any CPU
		{715FA2C3-50B8-4881-8B09-CA4FA99845C3}.Ad-Hoc|Any CPU.Build.0 = Release|Any CPU
		{715FA2C3-50B8-4881-8B09-CA4FA99845C3}.Ad-Hoc|Any CPU.Deploy.0 = Release|Any CPU
		{715FA2C3-50B8-4881-8B09-CA4FA99845C3}.Ad-Hoc|ARM.ActiveCfg = Release|ARM
		{715FA2C3-50B8-4881-8B09-CA4FA99845C3}.Ad-Hoc|ARM.Build.0 = Release|ARM
		{715FA2C3-50B8-4881-8B09-CA4FA99845C3}.Ad-Hoc|ARM.Deploy.0 = Release|ARM
		{715FA2C3-50B8-4881-8B09-CA4FA99845C3}.Ad-Hoc|iPhone.ActiveCfg = Release|Any CPU
		{715FA2C3-50B8-4881-8B09-CA4FA99845C3}.Ad-Hoc|iPhone.Build.0 = Release|Any CPU
		{715FA2C3-50B8-4881-8B09-CA4FA99845C3}.Ad-Hoc|iPhone.Deploy.0 = Release|Any CPU
		{715FA2C3-50B8-4881-8B09-CA4FA99845C3}.Ad-Hoc|iPhoneSimulator.ActiveCfg = Release|Any CPU
		{715FA2C3-50B8-4881-8B09-CA4FA99845C3}.Ad-Hoc|iPhoneSimulator.Build.0 = Release|Any CPU
		{715FA2C3-50B8-4881-8B09-CA4FA99845C3}.Ad-Hoc|iPhoneSimulator.Deploy.0 = Release|Any CPU
		{715FA2C3-50B8-4881-8B09-CA4FA99845C3}.Ad-Hoc|x64.ActiveCfg = Release|Any CPU
		{715FA2C3-50B8-4881-8B09-CA4FA99845C3}.Ad-Hoc|x64.Build.0 = Release|Any CPU
		{715FA2C3-50B8-4881-8B09-CA4FA99845C3}.Ad-Hoc|x64.Deploy.0 = Release|Any CPU
		{715FA2C3-50B8-4881-8B09-CA4FA99845C3}.Ad-Hoc|x86.ActiveCfg = Release|x86
		{715FA2C3-50B8-4881-8B09-CA4FA99845C3}.Ad-Hoc|x86.Build.0 = Release|x86
		{715FA2C3-50B8-4881-8B09-CA4FA99845C3}.Ad-Hoc|x86.Deploy.0 = Release|x86
		{715FA2C3-50B8-4881-8B09-CA4FA99845C3}.AppStore|Any CPU.ActiveCfg = Release|Any CPU
		{715FA2C3-50B8-4881-8B09-CA4FA99845C3}.AppStore|Any CPU.Build.0 = Release|Any CPU
		{715FA2C3-50B8-4881-8B09-CA4FA99845C3}.AppStore|Any CPU.Deploy.0 = Release|Any CPU
		{715FA2C3-50B8-4881-8B09-CA4FA99845C3}.AppStore|ARM.ActiveCfg = Release|ARM
		{715FA2C3-50B8-4881-8B09-CA4FA99845C3}.AppStore|ARM.Build.0 = Release|ARM
		{715FA2C3-50B8-4881-8B09-CA4FA99845C3}.AppStore|ARM.Deploy.0 = Release|ARM
		{715FA2C3-50B8-4881-8B09-CA4FA99845C3}.AppStore|iPhone.ActiveCfg = Release|Any CPU
		{715FA2C3-50B8-4881-8B09-CA4FA99845C3}.AppStore|iPhone.Build.0 = Release|Any CPU
		{715FA2C3-50B8-4881-8B09-CA4FA99845C3}.AppStore|iPhone.Deploy.0 = Release|Any CPU
		{715FA2C3-50B8-4881-8B09-CA4FA99845C3}.AppStore|iPhoneSimulator.ActiveCfg = Release|Any CPU
		{715FA2C3-50B8-4881-8B09-CA4FA99845C3}.AppStore|iPhoneSimulator.Build.0 = Release|Any CPU
		{715FA2C3-50B8-4881-8B09-CA4FA99845C3}.AppStore|iPhoneSimulator.Deploy.0 = Release|Any CPU
		{715FA2C3-50B8-4881-8B09-CA4FA99845C3}.AppStore|x64.ActiveCfg = Release|Any CPU
		{715FA2C3-50B8-4881-8B09-CA4FA99845C3}.AppStore|x64.Build.0 = Release|Any CPU
		{715FA2C3-50B8-4881-8B09-CA4FA99845C3}.AppStore|x64.Deploy.0 = Release|Any CPU
		{715FA2C3-50B8-4881-8B09-CA4FA99845C3}.AppStore|x86.ActiveCfg = Release|x86
		{715FA2C3-50B8-4881-8B09-CA4FA99845C3}.AppStore|x86.Build.0 = Release|x86
		{715FA2C3-50B8-4881-8B09-CA4FA99845C3}.AppStore|x86.Deploy.0 = Release|x86
		{715FA2C3-50B8-4881-8B09-CA4FA99845C3}.Debug|Any CPU.ActiveCfg = Debug|Any CPU
		{715FA2C3-50B8-4881-8B09-CA4FA99845C3}.Debug|ARM.ActiveCfg = Debug|ARM
		{715FA2C3-50B8-4881-8B09-CA4FA99845C3}.Debug|ARM.Build.0 = Debug|ARM
		{715FA2C3-50B8-4881-8B09-CA4FA99845C3}.Debug|ARM.Deploy.0 = Debug|ARM
		{715FA2C3-50B8-4881-8B09-CA4FA99845C3}.Debug|iPhone.ActiveCfg = Debug|Any CPU
		{715FA2C3-50B8-4881-8B09-CA4FA99845C3}.Debug|iPhone.Build.0 = Debug|Any CPU
		{715FA2C3-50B8-4881-8B09-CA4FA99845C3}.Debug|iPhone.Deploy.0 = Debug|Any CPU
		{715FA2C3-50B8-4881-8B09-CA4FA99845C3}.Debug|iPhoneSimulator.ActiveCfg = Debug|Any CPU
		{715FA2C3-50B8-4881-8B09-CA4FA99845C3}.Debug|iPhoneSimulator.Build.0 = Debug|Any CPU
		{715FA2C3-50B8-4881-8B09-CA4FA99845C3}.Debug|iPhoneSimulator.Deploy.0 = Debug|Any CPU
		{715FA2C3-50B8-4881-8B09-CA4FA99845C3}.Debug|x64.ActiveCfg = Debug|Any CPU
		{715FA2C3-50B8-4881-8B09-CA4FA99845C3}.Debug|x64.Build.0 = Debug|Any CPU
		{715FA2C3-50B8-4881-8B09-CA4FA99845C3}.Debug|x64.Deploy.0 = Debug|Any CPU
		{715FA2C3-50B8-4881-8B09-CA4FA99845C3}.Debug|x86.ActiveCfg = Debug|x86
		{715FA2C3-50B8-4881-8B09-CA4FA99845C3}.Debug|x86.Build.0 = Debug|x86
		{715FA2C3-50B8-4881-8B09-CA4FA99845C3}.Debug|x86.Deploy.0 = Debug|x86
		{715FA2C3-50B8-4881-8B09-CA4FA99845C3}.Release|Any CPU.ActiveCfg = Release|Any CPU
		{715FA2C3-50B8-4881-8B09-CA4FA99845C3}.Release|Any CPU.Build.0 = Release|Any CPU
		{715FA2C3-50B8-4881-8B09-CA4FA99845C3}.Release|Any CPU.Deploy.0 = Release|Any CPU
		{715FA2C3-50B8-4881-8B09-CA4FA99845C3}.Release|ARM.ActiveCfg = Release|ARM
		{715FA2C3-50B8-4881-8B09-CA4FA99845C3}.Release|ARM.Build.0 = Release|ARM
		{715FA2C3-50B8-4881-8B09-CA4FA99845C3}.Release|ARM.Deploy.0 = Release|ARM
		{715FA2C3-50B8-4881-8B09-CA4FA99845C3}.Release|iPhone.ActiveCfg = Release|Any CPU
		{715FA2C3-50B8-4881-8B09-CA4FA99845C3}.Release|iPhone.Build.0 = Release|Any CPU
		{715FA2C3-50B8-4881-8B09-CA4FA99845C3}.Release|iPhone.Deploy.0 = Release|Any CPU
		{715FA2C3-50B8-4881-8B09-CA4FA99845C3}.Release|iPhoneSimulator.ActiveCfg = Release|Any CPU
		{715FA2C3-50B8-4881-8B09-CA4FA99845C3}.Release|iPhoneSimulator.Build.0 = Release|Any CPU
		{715FA2C3-50B8-4881-8B09-CA4FA99845C3}.Release|iPhoneSimulator.Deploy.0 = Release|Any CPU
		{715FA2C3-50B8-4881-8B09-CA4FA99845C3}.Release|x64.ActiveCfg = Release|Any CPU
		{715FA2C3-50B8-4881-8B09-CA4FA99845C3}.Release|x64.Build.0 = Release|Any CPU
		{715FA2C3-50B8-4881-8B09-CA4FA99845C3}.Release|x64.Deploy.0 = Release|Any CPU
		{715FA2C3-50B8-4881-8B09-CA4FA99845C3}.Release|x86.ActiveCfg = Release|x86
		{715FA2C3-50B8-4881-8B09-CA4FA99845C3}.Release|x86.Build.0 = Release|x86
		{715FA2C3-50B8-4881-8B09-CA4FA99845C3}.Release|x86.Deploy.0 = Release|x86
		{7D017F5A-DADF-4782-9C42-22DF91743724}.Ad-Hoc|Any CPU.ActiveCfg = Release|x86
		{7D017F5A-DADF-4782-9C42-22DF91743724}.Ad-Hoc|Any CPU.Build.0 = Release|x86
		{7D017F5A-DADF-4782-9C42-22DF91743724}.Ad-Hoc|Any CPU.Deploy.0 = Release|x86
		{7D017F5A-DADF-4782-9C42-22DF91743724}.Ad-Hoc|ARM.ActiveCfg = Release|ARM
		{7D017F5A-DADF-4782-9C42-22DF91743724}.Ad-Hoc|ARM.Build.0 = Release|ARM
		{7D017F5A-DADF-4782-9C42-22DF91743724}.Ad-Hoc|ARM.Deploy.0 = Release|ARM
		{7D017F5A-DADF-4782-9C42-22DF91743724}.Ad-Hoc|iPhone.ActiveCfg = Release|x86
		{7D017F5A-DADF-4782-9C42-22DF91743724}.Ad-Hoc|iPhone.Build.0 = Release|x86
		{7D017F5A-DADF-4782-9C42-22DF91743724}.Ad-Hoc|iPhone.Deploy.0 = Release|x86
		{7D017F5A-DADF-4782-9C42-22DF91743724}.Ad-Hoc|iPhoneSimulator.ActiveCfg = Release|x86
		{7D017F5A-DADF-4782-9C42-22DF91743724}.Ad-Hoc|iPhoneSimulator.Build.0 = Release|x86
		{7D017F5A-DADF-4782-9C42-22DF91743724}.Ad-Hoc|iPhoneSimulator.Deploy.0 = Release|x86
		{7D017F5A-DADF-4782-9C42-22DF91743724}.Ad-Hoc|x64.ActiveCfg = Release|x64
		{7D017F5A-DADF-4782-9C42-22DF91743724}.Ad-Hoc|x64.Build.0 = Release|x64
		{7D017F5A-DADF-4782-9C42-22DF91743724}.Ad-Hoc|x64.Deploy.0 = Release|x64
		{7D017F5A-DADF-4782-9C42-22DF91743724}.Ad-Hoc|x86.ActiveCfg = Release|x86
		{7D017F5A-DADF-4782-9C42-22DF91743724}.Ad-Hoc|x86.Build.0 = Release|x86
		{7D017F5A-DADF-4782-9C42-22DF91743724}.Ad-Hoc|x86.Deploy.0 = Release|x86
		{7D017F5A-DADF-4782-9C42-22DF91743724}.AppStore|Any CPU.ActiveCfg = Release|x86
		{7D017F5A-DADF-4782-9C42-22DF91743724}.AppStore|Any CPU.Build.0 = Release|x86
		{7D017F5A-DADF-4782-9C42-22DF91743724}.AppStore|Any CPU.Deploy.0 = Release|x86
		{7D017F5A-DADF-4782-9C42-22DF91743724}.AppStore|ARM.ActiveCfg = Release|ARM
		{7D017F5A-DADF-4782-9C42-22DF91743724}.AppStore|ARM.Build.0 = Release|ARM
		{7D017F5A-DADF-4782-9C42-22DF91743724}.AppStore|ARM.Deploy.0 = Release|ARM
		{7D017F5A-DADF-4782-9C42-22DF91743724}.AppStore|iPhone.ActiveCfg = Release|x86
		{7D017F5A-DADF-4782-9C42-22DF91743724}.AppStore|iPhone.Build.0 = Release|x86
		{7D017F5A-DADF-4782-9C42-22DF91743724}.AppStore|iPhone.Deploy.0 = Release|x86
		{7D017F5A-DADF-4782-9C42-22DF91743724}.AppStore|iPhoneSimulator.ActiveCfg = Release|x86
		{7D017F5A-DADF-4782-9C42-22DF91743724}.AppStore|iPhoneSimulator.Build.0 = Release|x86
		{7D017F5A-DADF-4782-9C42-22DF91743724}.AppStore|iPhoneSimulator.Deploy.0 = Release|x86
		{7D017F5A-DADF-4782-9C42-22DF91743724}.AppStore|x64.ActiveCfg = Release|x64
		{7D017F5A-DADF-4782-9C42-22DF91743724}.AppStore|x64.Build.0 = Release|x64
		{7D017F5A-DADF-4782-9C42-22DF91743724}.AppStore|x64.Deploy.0 = Release|x64
		{7D017F5A-DADF-4782-9C42-22DF91743724}.AppStore|x86.ActiveCfg = Release|x86
		{7D017F5A-DADF-4782-9C42-22DF91743724}.AppStore|x86.Build.0 = Release|x86
		{7D017F5A-DADF-4782-9C42-22DF91743724}.AppStore|x86.Deploy.0 = Release|x86
		{7D017F5A-DADF-4782-9C42-22DF91743724}.Debug|Any CPU.ActiveCfg = Debug|x86
		{7D017F5A-DADF-4782-9C42-22DF91743724}.Debug|Any CPU.Build.0 = Debug|x86
		{7D017F5A-DADF-4782-9C42-22DF91743724}.Debug|Any CPU.Deploy.0 = Debug|x86
		{7D017F5A-DADF-4782-9C42-22DF91743724}.Debug|ARM.ActiveCfg = Debug|ARM
		{7D017F5A-DADF-4782-9C42-22DF91743724}.Debug|ARM.Build.0 = Debug|ARM
		{7D017F5A-DADF-4782-9C42-22DF91743724}.Debug|ARM.Deploy.0 = Debug|ARM
		{7D017F5A-DADF-4782-9C42-22DF91743724}.Debug|iPhone.ActiveCfg = Debug|x86
		{7D017F5A-DADF-4782-9C42-22DF91743724}.Debug|iPhoneSimulator.ActiveCfg = Debug|x86
		{7D017F5A-DADF-4782-9C42-22DF91743724}.Debug|x64.ActiveCfg = Debug|x64
		{7D017F5A-DADF-4782-9C42-22DF91743724}.Debug|x64.Build.0 = Debug|x64
		{7D017F5A-DADF-4782-9C42-22DF91743724}.Debug|x64.Deploy.0 = Debug|x64
		{7D017F5A-DADF-4782-9C42-22DF91743724}.Debug|x86.ActiveCfg = Debug|x86
		{7D017F5A-DADF-4782-9C42-22DF91743724}.Debug|x86.Build.0 = Debug|x86
		{7D017F5A-DADF-4782-9C42-22DF91743724}.Debug|x86.Deploy.0 = Debug|x86
		{7D017F5A-DADF-4782-9C42-22DF91743724}.Release|Any CPU.ActiveCfg = Release|x86
		{7D017F5A-DADF-4782-9C42-22DF91743724}.Release|ARM.ActiveCfg = Release|ARM
		{7D017F5A-DADF-4782-9C42-22DF91743724}.Release|ARM.Build.0 = Release|ARM
		{7D017F5A-DADF-4782-9C42-22DF91743724}.Release|ARM.Deploy.0 = Release|ARM
		{7D017F5A-DADF-4782-9C42-22DF91743724}.Release|iPhone.ActiveCfg = Release|x86
		{7D017F5A-DADF-4782-9C42-22DF91743724}.Release|iPhoneSimulator.ActiveCfg = Release|x86
		{7D017F5A-DADF-4782-9C42-22DF91743724}.Release|x64.ActiveCfg = Release|x64
		{7D017F5A-DADF-4782-9C42-22DF91743724}.Release|x64.Build.0 = Release|x64
		{7D017F5A-DADF-4782-9C42-22DF91743724}.Release|x64.Deploy.0 = Release|x64
		{7D017F5A-DADF-4782-9C42-22DF91743724}.Release|x86.ActiveCfg = Release|x86
		{7D017F5A-DADF-4782-9C42-22DF91743724}.Release|x86.Build.0 = Release|x86
		{7D017F5A-DADF-4782-9C42-22DF91743724}.Release|x86.Deploy.0 = Release|x86
		{F2D0B9FA-0305-4311-8679-4BB4CBA0B5AD}.Ad-Hoc|Any CPU.ActiveCfg = Release|Any CPU
		{F2D0B9FA-0305-4311-8679-4BB4CBA0B5AD}.Ad-Hoc|Any CPU.Build.0 = Release|Any CPU
		{F2D0B9FA-0305-4311-8679-4BB4CBA0B5AD}.Ad-Hoc|Any CPU.Deploy.0 = Release|Any CPU
		{F2D0B9FA-0305-4311-8679-4BB4CBA0B5AD}.Ad-Hoc|ARM.ActiveCfg = Release|ARM
		{F2D0B9FA-0305-4311-8679-4BB4CBA0B5AD}.Ad-Hoc|ARM.Build.0 = Release|ARM
		{F2D0B9FA-0305-4311-8679-4BB4CBA0B5AD}.Ad-Hoc|ARM.Deploy.0 = Release|ARM
		{F2D0B9FA-0305-4311-8679-4BB4CBA0B5AD}.Ad-Hoc|iPhone.ActiveCfg = Release|Any CPU
		{F2D0B9FA-0305-4311-8679-4BB4CBA0B5AD}.Ad-Hoc|iPhone.Build.0 = Release|Any CPU
		{F2D0B9FA-0305-4311-8679-4BB4CBA0B5AD}.Ad-Hoc|iPhone.Deploy.0 = Release|Any CPU
		{F2D0B9FA-0305-4311-8679-4BB4CBA0B5AD}.Ad-Hoc|iPhoneSimulator.ActiveCfg = Release|Any CPU
		{F2D0B9FA-0305-4311-8679-4BB4CBA0B5AD}.Ad-Hoc|iPhoneSimulator.Build.0 = Release|Any CPU
		{F2D0B9FA-0305-4311-8679-4BB4CBA0B5AD}.Ad-Hoc|iPhoneSimulator.Deploy.0 = Release|Any CPU
		{F2D0B9FA-0305-4311-8679-4BB4CBA0B5AD}.Ad-Hoc|x64.ActiveCfg = Release|x64
		{F2D0B9FA-0305-4311-8679-4BB4CBA0B5AD}.Ad-Hoc|x64.Build.0 = Release|x64
		{F2D0B9FA-0305-4311-8679-4BB4CBA0B5AD}.Ad-Hoc|x64.Deploy.0 = Release|x64
		{F2D0B9FA-0305-4311-8679-4BB4CBA0B5AD}.Ad-Hoc|x86.ActiveCfg = Release|x86
		{F2D0B9FA-0305-4311-8679-4BB4CBA0B5AD}.Ad-Hoc|x86.Build.0 = Release|x86
		{F2D0B9FA-0305-4311-8679-4BB4CBA0B5AD}.Ad-Hoc|x86.Deploy.0 = Release|x86
		{F2D0B9FA-0305-4311-8679-4BB4CBA0B5AD}.AppStore|Any CPU.ActiveCfg = Release|Any CPU
		{F2D0B9FA-0305-4311-8679-4BB4CBA0B5AD}.AppStore|Any CPU.Build.0 = Release|Any CPU
		{F2D0B9FA-0305-4311-8679-4BB4CBA0B5AD}.AppStore|Any CPU.Deploy.0 = Release|Any CPU
		{F2D0B9FA-0305-4311-8679-4BB4CBA0B5AD}.AppStore|ARM.ActiveCfg = Release|ARM
		{F2D0B9FA-0305-4311-8679-4BB4CBA0B5AD}.AppStore|ARM.Build.0 = Release|ARM
		{F2D0B9FA-0305-4311-8679-4BB4CBA0B5AD}.AppStore|ARM.Deploy.0 = Release|ARM
		{F2D0B9FA-0305-4311-8679-4BB4CBA0B5AD}.AppStore|iPhone.ActiveCfg = Release|Any CPU
		{F2D0B9FA-0305-4311-8679-4BB4CBA0B5AD}.AppStore|iPhone.Build.0 = Release|Any CPU
		{F2D0B9FA-0305-4311-8679-4BB4CBA0B5AD}.AppStore|iPhone.Deploy.0 = Release|Any CPU
		{F2D0B9FA-0305-4311-8679-4BB4CBA0B5AD}.AppStore|iPhoneSimulator.ActiveCfg = Release|Any CPU
		{F2D0B9FA-0305-4311-8679-4BB4CBA0B5AD}.AppStore|iPhoneSimulator.Build.0 = Release|Any CPU
		{F2D0B9FA-0305-4311-8679-4BB4CBA0B5AD}.AppStore|iPhoneSimulator.Deploy.0 = Release|Any CPU
		{F2D0B9FA-0305-4311-8679-4BB4CBA0B5AD}.AppStore|x64.ActiveCfg = Release|x64
		{F2D0B9FA-0305-4311-8679-4BB4CBA0B5AD}.AppStore|x64.Build.0 = Release|x64
		{F2D0B9FA-0305-4311-8679-4BB4CBA0B5AD}.AppStore|x64.Deploy.0 = Release|x64
		{F2D0B9FA-0305-4311-8679-4BB4CBA0B5AD}.AppStore|x86.ActiveCfg = Release|x86
		{F2D0B9FA-0305-4311-8679-4BB4CBA0B5AD}.AppStore|x86.Build.0 = Release|x86
		{F2D0B9FA-0305-4311-8679-4BB4CBA0B5AD}.AppStore|x86.Deploy.0 = Release|x86
		{F2D0B9FA-0305-4311-8679-4BB4CBA0B5AD}.Debug|Any CPU.ActiveCfg = Debug|Any CPU
		{F2D0B9FA-0305-4311-8679-4BB4CBA0B5AD}.Debug|ARM.ActiveCfg = Debug|ARM
		{F2D0B9FA-0305-4311-8679-4BB4CBA0B5AD}.Debug|ARM.Build.0 = Debug|ARM
		{F2D0B9FA-0305-4311-8679-4BB4CBA0B5AD}.Debug|ARM.Deploy.0 = Debug|ARM
		{F2D0B9FA-0305-4311-8679-4BB4CBA0B5AD}.Debug|iPhone.ActiveCfg = Debug|Any CPU
		{F2D0B9FA-0305-4311-8679-4BB4CBA0B5AD}.Debug|iPhone.Build.0 = Debug|Any CPU
		{F2D0B9FA-0305-4311-8679-4BB4CBA0B5AD}.Debug|iPhone.Deploy.0 = Debug|Any CPU
		{F2D0B9FA-0305-4311-8679-4BB4CBA0B5AD}.Debug|iPhoneSimulator.ActiveCfg = Debug|Any CPU
		{F2D0B9FA-0305-4311-8679-4BB4CBA0B5AD}.Debug|iPhoneSimulator.Build.0 = Debug|Any CPU
		{F2D0B9FA-0305-4311-8679-4BB4CBA0B5AD}.Debug|iPhoneSimulator.Deploy.0 = Debug|Any CPU
		{F2D0B9FA-0305-4311-8679-4BB4CBA0B5AD}.Debug|x64.ActiveCfg = Debug|x64
		{F2D0B9FA-0305-4311-8679-4BB4CBA0B5AD}.Debug|x64.Build.0 = Debug|x64
		{F2D0B9FA-0305-4311-8679-4BB4CBA0B5AD}.Debug|x64.Deploy.0 = Debug|x64
		{F2D0B9FA-0305-4311-8679-4BB4CBA0B5AD}.Debug|x86.ActiveCfg = Debug|x86
		{F2D0B9FA-0305-4311-8679-4BB4CBA0B5AD}.Debug|x86.Build.0 = Debug|x86
		{F2D0B9FA-0305-4311-8679-4BB4CBA0B5AD}.Debug|x86.Deploy.0 = Debug|x86
		{F2D0B9FA-0305-4311-8679-4BB4CBA0B5AD}.Release|Any CPU.ActiveCfg = Release|Any CPU
		{F2D0B9FA-0305-4311-8679-4BB4CBA0B5AD}.Release|Any CPU.Build.0 = Release|Any CPU
		{F2D0B9FA-0305-4311-8679-4BB4CBA0B5AD}.Release|Any CPU.Deploy.0 = Release|Any CPU
		{F2D0B9FA-0305-4311-8679-4BB4CBA0B5AD}.Release|ARM.ActiveCfg = Release|ARM
		{F2D0B9FA-0305-4311-8679-4BB4CBA0B5AD}.Release|ARM.Build.0 = Release|ARM
		{F2D0B9FA-0305-4311-8679-4BB4CBA0B5AD}.Release|ARM.Deploy.0 = Release|ARM
		{F2D0B9FA-0305-4311-8679-4BB4CBA0B5AD}.Release|iPhone.ActiveCfg = Release|Any CPU
		{F2D0B9FA-0305-4311-8679-4BB4CBA0B5AD}.Release|iPhone.Build.0 = Release|Any CPU
		{F2D0B9FA-0305-4311-8679-4BB4CBA0B5AD}.Release|iPhone.Deploy.0 = Release|Any CPU
		{F2D0B9FA-0305-4311-8679-4BB4CBA0B5AD}.Release|iPhoneSimulator.ActiveCfg = Release|Any CPU
		{F2D0B9FA-0305-4311-8679-4BB4CBA0B5AD}.Release|iPhoneSimulator.Build.0 = Release|Any CPU
		{F2D0B9FA-0305-4311-8679-4BB4CBA0B5AD}.Release|iPhoneSimulator.Deploy.0 = Release|Any CPU
		{F2D0B9FA-0305-4311-8679-4BB4CBA0B5AD}.Release|x64.ActiveCfg = Release|x64
		{F2D0B9FA-0305-4311-8679-4BB4CBA0B5AD}.Release|x64.Build.0 = Release|x64
		{F2D0B9FA-0305-4311-8679-4BB4CBA0B5AD}.Release|x64.Deploy.0 = Release|x64
		{F2D0B9FA-0305-4311-8679-4BB4CBA0B5AD}.Release|x86.ActiveCfg = Release|x86
		{F2D0B9FA-0305-4311-8679-4BB4CBA0B5AD}.Release|x86.Build.0 = Release|x86
		{F2D0B9FA-0305-4311-8679-4BB4CBA0B5AD}.Release|x86.Deploy.0 = Release|x86
	EndGlobalSection
	GlobalSection(SolutionProperties) = preSolution
		HideSolutionNode = FALSE
	EndGlobalSection
EndGlobal
